
Microsoft Visual Studio Solution File, Format Version 12.00
# Visual Studio Version 17
VisualStudioVersion = 17.5.002.0
MinimumVisualStudioVersion = 10.0.40219.1
Project("{9A19103F-16F7-4668-BE54-9A1E7A4F7556}") = "AzureSearchEmulator", "AzureSearchEmulator.csproj", "{5288EAEB-2529-4E34-8ABE-033E5504FC24}"
EndProject
Global
	GlobalSection(SolutionConfigurationPlatforms) = preSolution
		Debug|Any CPU = Debug|Any CPU
		Release|Any CPU = Release|Any CPU
	EndGlobalSection
	GlobalSection(ProjectConfigurationPlatforms) = postSolution
		{5288EAEB-2529-4E34-8ABE-033E5504FC24}.Debug|Any CPU.ActiveCfg = Debug|Any CPU
		{5288EAEB-2529-4E34-8ABE-033E5504FC24}.Debug|Any CPU.Build.0 = Debug|Any CPU
		{5288EAEB-2529-4E34-8ABE-033E5504FC24}.Release|Any CPU.ActiveCfg = Release|Any CPU
		{5288EAEB-2529-4E34-8ABE-033E5504FC24}.Release|Any CPU.Build.0 = Release|Any CPU
	EndGlobalSection
	GlobalSection(SolutionProperties) = preSolution
		HideSolutionNode = FALSE
	EndGlobalSection
	GlobalSection(ExtensibilityGlobals) = postSolution
		SolutionGuid = {062E47ED-1924-4A40-B223-51BBBB7D3D98}
	EndGlobalSection
EndGlobal
